// !$*UTF8*$!
{
	archiveVersion = 1;
	classes = {
	};
	objectVersion = 77;
	objects = {

/* Begin PBXBuildFile section */
		5198C3C92F3F12A100163087 /* Hub in Frameworks */ = {isa = PBXBuildFile; productRef = 5198C3C82F3F12A100163087 /* Hub */; };
		5198C3CB2F3F12A100163087 /* Tokenizers in Frameworks */ = {isa = PBXBuildFile; productRef = 5198C3CA2F3F12A100163087 /* Tokenizers */; };
		5198C3CD2F3F12A100163087 /* Transformers in Frameworks */ = {isa = PBXBuildFile; productRef = 5198C3CC2F3F12A100163087 /* Transformers */; };
		E113C26A2F2AF7AD007D3DF3 /* RealityKitContent in Frameworks */ = {isa = PBXBuildFile; productRef = E113C2692F2AF7AD007D3DF3 /* RealityKitContent */; };
		E17513F02F3B14F200E6C616 /* FluidAudio in Frameworks */ = {isa = PBXBuildFile; productRef = E17513EF2F3B14F200E6C616 /* FluidAudio */; };
/* End PBXBuildFile section */

/* Begin PBXFileReference section */
		E113C2642F2AF7AD007D3DF3 /* blubble.app */ = {isa = PBXFileReference; explicitFileType = wrapper.application; includeInIndex = 0; path = blubble.app; sourceTree = BUILT_PRODUCTS_DIR; };
		E113C2682F2AF7AD007D3DF3 /* RealityKitContent */ = {isa = PBXFileReference; lastKnownFileType = wrapper; path = RealityKitContent; sourceTree = "<group>"; };
/* End PBXFileReference section */

/* Begin PBXFileSystemSynchronizedBuildFileExceptionSet section */
		E113C2A82F2AFFF7007D3DF3 /* Exceptions for "blubble" folder in "blubble" target */ = {
			isa = PBXFileSystemSynchronizedBuildFileExceptionSet;
			membershipExceptions = (
				Info.plist,
			);
			target = E113C2632F2AF7AD007D3DF3 /* blubble */;
		};
/* End PBXFileSystemSynchronizedBuildFileExceptionSet section */

/* Begin PBXFileSystemSynchronizedRootGroup section */
		E113C2662F2AF7AD007D3DF3 /* blubble */ = {
			isa = PBXFileSystemSynchronizedRootGroup;
			exceptions = (
				E113C2A82F2AFFF7007D3DF3 /* Exceptions for "blubble" folder in "blubble" target */,
			);
			path = blubble;
			sourceTree = "<group>";
		};
/* End PBXFileSystemSynchronizedRootGroup section */

/* Begin PBXFrameworksBuildPhase section */
		E113C2612F2AF7AD007D3DF3 /* Frameworks */ = {
			isa = PBXFrameworksBuildPhase;
			buildActionMask = 2147483647;
			files = (
				5198C3CB2F3F12A100163087 /* Tokenizers in Frameworks */,
				5198C3C92F3F12A100163087 /* Hub in Frameworks */,
				5198C3CD2F3F12A100163087 /* Transformers in Frameworks */,
				E17513F02F3B14F200E6C616 /* FluidAudio in Frameworks */,
				E113C26A2F2AF7AD007D3DF3 /* RealityKitContent in Frameworks */,
			);
			runOnlyForDeploymentPostprocessing = 0;
		};
/* End PBXFrameworksBuildPhase section */

/* Begin PBXGroup section */
		E113C25B2F2AF7AD007D3DF3 = {
			isa = PBXGroup;
			children = (
				E113C2662F2AF7AD007D3DF3 /* blubble */,
				E113C2672F2AF7AD007D3DF3 /* Packages */,
				E113C2652F2AF7AD007D3DF3 /* Products */,
			);
			sourceTree = "<group>";
		};
		E113C2652F2AF7AD007D3DF3 /* Products */ = {
			isa = PBXGroup;
			children = (
				E113C2642F2AF7AD007D3DF3 /* blubble.app */,
			);
			name = Products;
			sourceTree = "<group>";
		};
		E113C2672F2AF7AD007D3DF3 /* Packages */ = {
			isa = PBXGroup;
			children = (
				E113C2682F2AF7AD007D3DF3 /* RealityKitContent */,
			);
			path = Packages;
			sourceTree = "<group>";
		};
/* End PBXGroup section */

/* Begin PBXNativeTarget section */
		E113C2632F2AF7AD007D3DF3 /* blubble */ = {
			isa = PBXNativeTarget;
			buildConfigurationList = E113C2752F2AF7AF007D3DF3 /* Build configuration list for PBXNativeTarget "blubble" */;
			buildPhases = (
				E113C2602F2AF7AD007D3DF3 /* Sources */,
				E113C2612F2AF7AD007D3DF3 /* Frameworks */,
				E113C2622F2AF7AD007D3DF3 /* Resources */,
			);
			buildRules = (
			);
			dependencies = (
			);
			fileSystemSynchronizedGroups = (
				E113C2662F2AF7AD007D3DF3 /* blubble */,
			);
			name = blubble;
			packageProductDependencies = (
				E113C2692F2AF7AD007D3DF3 /* RealityKitContent */,
				E17513EF2F3B14F200E6C616 /* FluidAudio */,
				5198C3C82F3F12A100163087 /* Hub */,
				5198C3CA2F3F12A100163087 /* Tokenizers */,
				5198C3CC2F3F12A100163087 /* Transformers */,
			);
			productName = blubble;
			productReference = E113C2642F2AF7AD007D3DF3 /* blubble.app */;
			productType = "com.apple.product-type.application";
		};
/* End PBXNativeTarget section */

/* Begin PBXProject section */
		E113C25C2F2AF7AD007D3DF3 /* Project object */ = {
			isa = PBXProject;
			attributes = {
				BuildIndependentTargetsInParallel = 1;
				LastSwiftUpdateCheck = 2620;
				LastUpgradeCheck = 2620;
				TargetAttributes = {
					E113C2632F2AF7AD007D3DF3 = {
						CreatedOnToolsVersion = 26.2;
					};
				};
			};
			buildConfigurationList = E113C25F2F2AF7AD007D3DF3 /* Build configuration list for PBXProject "blubble" */;
			developmentRegion = en;
			hasScannedForEncodings = 0;
			knownRegions = (
				en,
				Base,
			);
			mainGroup = E113C25B2F2AF7AD007D3DF3;
			minimizedProjectReferenceProxies = 1;
			packageReferences = (
				E17513EE2F3B14F200E6C616 /* XCRemoteSwiftPackageReference "FluidAudio" */,
				5198C3C72F3F12A100163087 /* XCRemoteSwiftPackageReference "swift-transformers" */,
			);
			preferredProjectObjectVersion = 77;
			productRefGroup = E113C2652F2AF7AD007D3DF3 /* Products */;
			projectDirPath = "";
			projectRoot = "";
			targets = (
				E113C2632F2AF7AD007D3DF3 /* blubble */,
			);
		};
/* End PBXProject section */

/* Begin PBXResourcesBuildPhase section */
		E113C2622F2AF7AD007D3DF3 /* Resources */ = {
			isa = PBXResourcesBuildPhase;
			buildActionMask = 2147483647;
			files = (
			);
			runOnlyForDeploymentPostprocessing = 0;
		};
/* End PBXResourcesBuildPhase section */

/* Begin PBXSourcesBuildPhase section */
		E113C2602F2AF7AD007D3DF3 /* Sources */ = {
			isa = PBXSourcesBuildPhase;
			buildActionMask = 2147483647;
			files = (
			);
			runOnlyForDeploymentPostprocessing = 0;
		};
/* End PBXSourcesBuildPhase section */

/* Begin XCBuildConfiguration section */
		E113C2762F2AF7AF007D3DF3 /* Debug */ = {
			isa = XCBuildConfiguration;
			buildSettings = {
				ASSETCATALOG_COMPILER_APPICON_NAME = AppIcon;
				ASSETCATALOG_COMPILER_GLOBAL_ACCENT_COLOR_NAME = AccentColor;
				CODE_SIGN_STYLE = Automatic;
				CURRENT_PROJECT_VERSION = 1;
				DEVELOPMENT_TEAM = G9Q3288NPW;
				ENABLE_PREVIEWS = YES;
				GENERATE_INFOPLIST_FILE = YES;
				INFOPLIST_FILE = "$(TARGET_NAME)/Info.plist";
				INFOPLIST_KEY_NSHandsTrackingUsageDescription = "blubble uses hand tracking to allow you to tap and place your partner's location.";
				INFOPLIST_KEY_NSMicrophoneUsageDescription = "blubble uses the microphone to distinguish between your voice and your partner's voice for real-time transcription.";
				INFOPLIST_KEY_NSSpeechRecognitionUsageDescription = "blubble uses speech recognition to transcribe your dialogue into the HUD.";
				INFOPLIST_KEY_NSWorldSensingUsageDescription = "blubble uses world sensing to place speech bubbles at your partner's location in your space.";
				LD_RUNPATH_SEARCH_PATHS = (
					"$(inherited)",
					"@executable_path/Frameworks",
				);
				MARKETING_VERSION = 1.0;
				PRODUCT_BUNDLE_IDENTIFIER = edu.lealv000.team1.blubble;
				PRODUCT_NAME = "$(TARGET_NAME)";
				STRING_CATALOG_GENERATE_SYMBOLS = YES;
				SUPPORTED_PLATFORMS = "xros xrsimulator";
				SWIFT_APPROACHABLE_CONCURRENCY = YES;
				SWIFT_DEFAULT_ACTOR_ISOLATION = MainActor;
				SWIFT_EMIT_LOC_STRINGS = YES;
				SWIFT_UPCOMING_FEATURE_MEMBER_IMPORT_VISIBILITY = YES;
				SWIFT_VERSION = 5.0;
				TARGETED_DEVICE_FAMILY = 7;
			};
			name = Debug;
		};
		E113C2772F2AF7AF007D3DF3 /* Release */ = {
			isa = XCBuildConfiguration;
			buildSettings = {
				ASSETCATALOG_COMPILER_APPICON_NAME = AppIcon;
				ASSETCATALOG_COMPILER_GLOBAL_ACCENT_COLOR_NAME = AccentColor;
				CODE_SIGN_STYLE = Automatic;
				CURRENT_PROJECT_VERSION = 1;
				DEVELOPMENT_TEAM = G9Q3288NPW;
				ENABLE_PREVIEWS = YES;
				GENERATE_INFOPLIST_FILE = YES;
				INFOPLIST_FILE = "$(TARGET_NAME)/Info.plist";
				INFOPLIST_KEY_NSHandsTrackingUsageDescription = "blubble uses hand tracking to allow you to tap and place your partner's location.";
				INFOPLIST_KEY_NSMicrophoneUsageDescription = "blubble uses the microphone to distinguish between your voice and your partner's voice for real-time transcription.";
				INFOPLIST_KEY_NSSpeechRecognitionUsageDescription = "blubble uses speech recognition to transcribe your dialogue into the HUD.";
				INFOPLIST_KEY_NSWorldSensingUsageDescription = "blubble uses world sensing to place speech bubbles at your partner's location in your space.";
				LD_RUNPATH_SEARCH_PATHS = (
					"$(inherited)",
					"@executable_path/Frameworks",
				);
				MARKETING_VERSION = 1.0;
				PRODUCT_BUNDLE_IDENTIFIER = edu.lealv000.team1.blubble;
				PRODUCT_NAME = "$(TARGET_NAME)";
				STRING_CATALOG_GENERATE_SYMBOLS = YES;
				SUPPORTED_PLATFORMS = "xros xrsimulator";
				SWIFT_APPROACHABLE_CONCURRENCY = YES;
				SWIFT_DEFAULT_ACTOR_ISOLATION = MainActor;
				SWIFT_EMIT_LOC_STRINGS = YES;
				SWIFT_UPCOMING_FEATURE_MEMBER_IMPORT_VISIBILITY = YES;
				SWIFT_VERSION = 5.0;
				TARGETED_DEVICE_FAMILY = 7;
			};
			name = Release;
		};
		E113C2782F2AF7AF007D3DF3 /* Debug */ = {
			isa = XCBuildConfiguration;
			buildSettings = {
				ALWAYS_SEARCH_USER_PATHS = NO;
				ASSETCATALOG_COMPILER_GENERATE_SWIFT_ASSET_SYMBOL_EXTENSIONS = YES;
				CLANG_ANALYZER_NONNULL = YES;
				CLANG_ANALYZER_NUMBER_OBJECT_CONVERSION = YES_AGGRESSIVE;
				CLANG_CXX_LANGUAGE_STANDARD = "gnu++20";
				CLANG_ENABLE_MODULES = YES;
				CLANG_ENABLE_OBJC_ARC = YES;
				CLANG_ENABLE_OBJC_WEAK = YES;
				CLANG_WARN_BLOCK_CAPTURE_AUTORELEASING = YES;
				CLANG_WARN_BOOL_CONVERSION = YES;
				CLANG_WARN_COMMA = YES;
				CLANG_WARN_CONSTANT_CONVERSION = YES;
				CLANG_WARN_DEPRECATED_OBJC_IMPLEMENTATIONS = YES;
				CLANG_WARN_DIRECT_OBJC_ISA_USAGE = YES_ERROR;
				CLANG_WARN_DOCUMENTATION_COMMENTS = YES;
				CLANG_WARN_EMPTY_BODY = YES;
				CLANG_WARN_ENUM_CONVERSION = YES;
				CLANG_WARN_INFINITE_RECURSION = YES;
				CLANG_WARN_INT_CONVERSION = YES;
				CLANG_WARN_NON_LITERAL_NULL_CONVERSION = YES;
				CLANG_WARN_OBJC_IMPLICIT_RETAIN_SELF = YES;
				CLANG_WARN_OBJC_LITERAL_CONVERSION = YES;
				CLANG_WARN_OBJC_ROOT_CLASS = YES_ERROR;
				CLANG_WARN_QUOTED_INCLUDE_IN_FRAMEWORK_HEADER = YES;
				CLANG_WARN_RANGE_LOOP_ANALYSIS = YES;
				CLANG_WARN_STRICT_PROTOTYPES = YES;
				CLANG_WARN_SUSPICIOUS_MOVE = YES;
				CLANG_WARN_UNGUARDED_AVAILABILITY = YES_AGGRESSIVE;
				CLANG_WARN_UNREACHABLE_CODE = YES;
				CLANG_WARN__DUPLICATE_METHOD_MATCH = YES;
				COPY_PHASE_STRIP = NO;
				DEBUG_INFORMATION_FORMAT = dwarf;
				ENABLE_STRICT_OBJC_MSGSEND = YES;
				ENABLE_TESTABILITY = YES;
				ENABLE_USER_SCRIPT_SANDBOXING = YES;
				GCC_C_LANGUAGE_STANDARD = gnu17;
				GCC_DYNAMIC_NO_PIC = NO;
				GCC_NO_COMMON_BLOCKS = YES;
				GCC_OPTIMIZATION_LEVEL = 0;
				GCC_PREPROCESSOR_DEFINITIONS = (
					"DEBUG=1",
					"$(inherited)",
				);
				GCC_WARN_64_TO_32_BIT_CONVERSION = YES;
				GCC_WARN_ABOUT_RETURN_TYPE = YES_ERROR;
				GCC_WARN_UNDECLARED_SELECTOR = YES;
				GCC_WARN_UNINITIALIZED_AUTOS = YES_AGGRESSIVE;
				GCC_WARN_UNUSED_FUNCTION = YES;
				GCC_WARN_UNUSED_VARIABLE = YES;
				LOCALIZATION_PREFERS_STRING_CATALOGS = YES;
				MTL_ENABLE_DEBUG_INFO = INCLUDE_SOURCE;
				MTL_FAST_MATH = YES;
				ONLY_ACTIVE_ARCH = YES;
				SDKROOT = xros;
				SWIFT_ACTIVE_COMPILATION_CONDITIONS = "DEBUG $(inherited)";
				SWIFT_OPTIMIZATION_LEVEL = "-Onone";
				XROS_DEPLOYMENT_TARGET = 26.2;
			};
			name = Debug;
		};
		E113C2792F2AF7AF007D3DF3 /* Release */ = {
			isa = XCBuildConfiguration;
			buildSettings = {
				ALWAYS_SEARCH_USER_PATHS = NO;
				ASSETCATALOG_COMPILER_GENERATE_SWIFT_ASSET_SYMBOL_EXTENSIONS = YES;
				CLANG_ANALYZER_NONNULL = YES;
				CLANG_ANALYZER_NUMBER_OBJECT_CONVERSION = YES_AGGRESSIVE;
				CLANG_CXX_LANGUAGE_STANDARD = "gnu++20";
				CLANG_ENABLE_MODULES = YES;
				CLANG_ENABLE_OBJC_ARC = YES;
				CLANG_ENABLE_OBJC_WEAK = YES;
				CLANG_WARN_BLOCK_CAPTURE_AUTORELEASING = YES;
				CLANG_WARN_BOOL_CONVERSION = YES;
				CLANG_WARN_COMMA = YES;
				CLANG_WARN_CONSTANT_CONVERSION = YES;
				CLANG_WARN_DEPRECATED_OBJC_IMPLEMENTATIONS = YES;
				CLANG_WARN_DIRECT_OBJC_ISA_USAGE = YES_ERROR;
				CLANG_WARN_DOCUMENTATION_COMMENTS = YES;
				CLANG_WARN_EMPTY_BODY = YES;
				CLANG_WARN_ENUM_CONVERSION = YES;
				CLANG_WARN_INFINITE_RECURSION = YES;
				CLANG_WARN_INT_CONVERSION = YES;
				CLANG_WARN_NON_LITERAL_NULL_CONVERSION = YES;
				CLANG_WARN_OBJC_IMPLICIT_RETAIN_SELF = YES;
				CLANG_WARN_OBJC_LITERAL_CONVERSION = YES;
				CLANG_WARN_OBJC_ROOT_CLASS = YES_ERROR;
				CLANG_WARN_QUOTED_INCLUDE_IN_FRAMEWORK_HEADER = YES;
				CLANG_WARN_RANGE_LOOP_ANALYSIS = YES;
				CLANG_WARN_STRICT_PROTOTYPES = YES;
				CLANG_WARN_SUSPICIOUS_MOVE = YES;
				CLANG_WARN_UNGUARDED_AVAILABILITY = YES_AGGRESSIVE;
				CLANG_WARN_UNREACHABLE_CODE = YES;
				CLANG_WARN__DUPLICATE_METHOD_MATCH = YES;
				COPY_PHASE_STRIP = NO;
				DEBUG_INFORMATION_FORMAT = "dwarf-with-dsym";
				ENABLE_NS_ASSERTIONS = NO;
				ENABLE_STRICT_OBJC_MSGSEND = YES;
				ENABLE_USER_SCRIPT_SANDBOXING = YES;
				GCC_C_LANGUAGE_STANDARD = gnu17;
				GCC_NO_COMMON_BLOCKS = YES;
				GCC_WARN_64_TO_32_BIT_CONVERSION = YES;
				GCC_WARN_ABOUT_RETURN_TYPE = YES_ERROR;
				GCC_WARN_UNDECLARED_SELECTOR = YES;
				GCC_WARN_UNINITIALIZED_AUTOS = YES_AGGRESSIVE;
				GCC_WARN_UNUSED_FUNCTION = YES;
				GCC_WARN_UNUSED_VARIABLE = YES;
				LOCALIZATION_PREFERS_STRING_CATALOGS = YES;
				MTL_ENABLE_DEBUG_INFO = NO;
				MTL_FAST_MATH = YES;
				SDKROOT = xros;
				SWIFT_COMPILATION_MODE = wholemodule;
				VALIDATE_PRODUCT = YES;
				XROS_DEPLOYMENT_TARGET = 26.2;
			};
			name = Release;
		};
/* End XCBuildConfiguration section */

/* Begin XCConfigurationList section */
		E113C25F2F2AF7AD007D3DF3 /* Build configuration list for PBXProject "blubble" */ = {
			isa = XCConfigurationList;
			buildConfigurations = (
				E113C2782F2AF7AF007D3DF3 /* Debug */,
				E113C2792F2AF7AF007D3DF3 /* Release */,
			);
			defaultConfigurationIsVisible = 0;
			defaultConfigurationName = Release;
		};
		E113C2752F2AF7AF007D3DF3 /* Build configuration list for PBXNativeTarget "blubble" */ = {
			isa = XCConfigurationList;
			buildConfigurations = (
				E113C2762F2AF7AF007D3DF3 /* Debug */,
				E113C2772F2AF7AF007D3DF3 /* Release */,
			);
			defaultConfigurationIsVisible = 0;
			defaultConfigurationName = Release;
		};
/* End XCConfigurationList section */

/* Begin XCRemoteSwiftPackageReference section */
		5198C3C72F3F12A100163087 /* XCRemoteSwiftPackageReference "swift-transformers" */ = {
			isa = XCRemoteSwiftPackageReference;
			repositoryURL = "https://github.com/huggingface/swift-transformers";
			requirement = {
				kind = upToNextMajorVersion;
				minimumVersion = 1.1.6;
			};
		};
		E17513EE2F3B14F200E6C616 /* XCRemoteSwiftPackageReference "FluidAudio" */ = {
			isa = XCRemoteSwiftPackageReference;
			repositoryURL = "https://github.com/FluidInference/FluidAudio.git";
			requirement = {
				branch = main;
				kind = branch;
			};
		};
/* End XCRemoteSwiftPackageReference section */

/* Begin XCSwiftPackageProductDependency section */
		5198C3C82F3F12A100163087 /* Hub */ = {
			isa = XCSwiftPackageProductDependency;
			package = 5198C3C72F3F12A100163087 /* XCRemoteSwiftPackageReference "swift-transformers" */;
			productName = Hub;
		};
		5198C3CA2F3F12A100163087 /* Tokenizers */ = {
			isa = XCSwiftPackageProductDependency;
			package = 5198C3C72F3F12A100163087 /* XCRemoteSwiftPackageReference "swift-transformers" */;
			productName = Tokenizers;
		};
		5198C3CC2F3F12A100163087 /* Transformers */ = {
			isa = XCSwiftPackageProductDependency;
			package = 5198C3C72F3F12A100163087 /* XCRemoteSwiftPackageReference "swift-transformers" */;
			productName = Transformers;
		};
		E113C2692F2AF7AD007D3DF3 /* RealityKitContent */ = {
			isa = XCSwiftPackageProductDependency;
			productName = RealityKitContent;
		};
		E17513EF2F3B14F200E6C616 /* FluidAudio */ = {
			isa = XCSwiftPackageProductDependency;
			package = E17513EE2F3B14F200E6C616 /* XCRemoteSwiftPackageReference "FluidAudio" */;
			productName = FluidAudio;
		};
/* End XCSwiftPackageProductDependency section */
	};
	rootObject = E113C25C2F2AF7AD007D3DF3 /* Project object */;
}
